
Microsoft Visual Studio Solution File, Format Version 12.00
# Visual Studio Version 17
VisualStudioVersion = 17.5.002.0
MinimumVisualStudioVersion = 10.0.40219.1
Project("{9A19103F-16F7-4668-BE54-9A1E7A4F7556}") = "arbitrum-dotnet", "arbitrum-dotnet.csproj", "{352C6220-230C-49C4-93BD-90FD15356E16}"
EndProject
Global
	GlobalSection(SolutionConfigurationPlatforms) = preSolution
		Debug|Any CPU = Debug|Any CPU
		Release|Any CPU = Release|Any CPU
	EndGlobalSection
	GlobalSection(ProjectConfigurationPlatforms) = postSolution
		{352C6220-230C-49C4-93BD-90FD15356E16}.Debug|Any CPU.ActiveCfg = Debug|Any CPU
		{352C6220-230C-49C4-93BD-90FD15356E16}.Debug|Any CPU.Build.0 = Debug|Any CPU
		{352C6220-230C-49C4-93BD-90FD15356E16}.Release|Any CPU.ActiveCfg = Release|Any CPU
		{352C6220-230C-49C4-93BD-90FD15356E16}.Release|Any CPU.Build.0 = Release|Any CPU
	EndGlobalSection
	GlobalSection(SolutionProperties) = preSolution
		HideSolutionNode = FALSE
	EndGlobalSection
	GlobalSection(ExtensibilityGlobals) = postSolution
		SolutionGuid = {445B3B89-964A-4C45-B1BF-68E4E604D6F1}
	EndGlobalSection
EndGlobal
